
Microsoft Visual Studio Solution File, Format Version 12.00
# Visual Studio Version 17
VisualStudioVersion = 17.3.32825.248
MinimumVisualStudioVersion = 10.0.40219.1
Project("{FAE04EC0-301F-11D3-BF4B-00C04F79EFBC}") = "Ship Game (Application)", "Ship Game (Application).csproj", "{38DEE168-C708-4EFD-96A8-4741640C81B6}"
EndProject
Global
	GlobalSection(SolutionConfigurationPlatforms) = preSolution
		Debug|Any CPU = Debug|Any CPU
		Release|Any CPU = Release|Any CPU
	EndGlobalSection
	GlobalSection(ProjectConfigurationPlatforms) = postSolution
		{38DEE168-C708-4EFD-96A8-4741640C81B6}.Debug|Any CPU.ActiveCfg = Debug|Any CPU
		{38DEE168-C708-4EFD-96A8-4741640C81B6}.Debug|Any CPU.Build.0 = Debug|Any CPU
		{38DEE168-C708-4EFD-96A8-4741640C81B6}.Release|Any CPU.ActiveCfg = Release|Any CPU
		{38DEE168-C708-4EFD-96A8-4741640C81B6}.Release|Any CPU.Build.0 = Release|Any CPU
	EndGlobalSection
	GlobalSection(SolutionProperties) = preSolution
		HideSolutionNode = FALSE
	EndGlobalSection
	GlobalSection(ExtensibilityGlobals) = postSolution
		SolutionGuid = {A6F31226-D042-4E1A-9958-D6D26A1477C4}
	EndGlobalSection
EndGlobal
